
Microsoft Visual Studio Solution File, Format Version 12.00
# Visual Studio Version 17
VisualStudioVersion = 17.7.34221.43
MinimumVisualStudioVersion = 10.0.40219.1
Project("{8BC9CEB8-8B4A-11D0-8D11-00A0C91BC942}") = "laba9.1", "laba9.1\laba9.1.vcxproj", "{E659AB55-470D-49C2-8B99-4BAE653F0B0F}"
EndProject
Global
	GlobalSection(SolutionConfigurationPlatforms) = preSolution
		Debug|x64 = Debug|x64
		Debug|x86 = Debug|x86
		Release|x64 = Release|x64
		Release|x86 = Release|x86
	EndGlobalSection
	GlobalSection(ProjectConfigurationPlatforms) = postSolution
		{E659AB55-470D-49C2-8B99-4BAE653F0B0F}.Debug|x64.ActiveCfg = Debug|x64
		{E659AB55-470D-49C2-8B99-4BAE653F0B0F}.Debug|x64.Build.0 = Debug|x64
		{E659AB55-470D-49C2-8B99-4BAE653F0B0F}.Debug|x86.ActiveCfg = Debug|Win32
		{E659AB55-470D-49C2-8B99-4BAE653F0B0F}.Debug|x86.Build.0 = Debug|Win32
		{E659AB55-470D-49C2-8B99-4BAE653F0B0F}.Release|x64.ActiveCfg = Release|x64
		{E659AB55-470D-49C2-8B99-4BAE653F0B0F}.Release|x64.Build.0 = Release|x64
		{E659AB55-470D-49C2-8B99-4BAE653F0B0F}.Release|x86.ActiveCfg = Release|Win32
		{E659AB55-470D-49C2-8B99-4BAE653F0B0F}.Release|x86.Build.0 = Release|Win32
	EndGlobalSection
	GlobalSection(SolutionProperties) = preSolution
		HideSolutionNode = FALSE
	EndGlobalSection
	GlobalSection(ExtensibilityGlobals) = postSolution
		SolutionGuid = {E68C19CD-0E80-477F-A622-24394711D537}
	EndGlobalSection
EndGlobal
